Microsoft Visual Studio Solution File, Format Version 12.00
# Visual Studio Version 17
VisualStudioVersion = 17.5.2.0
MinimumVisualStudioVersion = 10.0.40219.1
Project("{FAE04EC0-301F-11D3-BF4B-00C04F79EFBC}") = "TaaleemAcademy.API", "TaaleemAcademy.API\TaaleemAcademy.API.csproj", "{A195FE78-0955-B547-40E7-F1BA61CDEFE1}"
EndProject
Global
	GlobalSection(SolutionConfigurationPlatforms) = preSolution
		Debug|Any CPU = Debug|Any CPU
		Release|Any CPU = Release|Any CPU
	EndGlobalSection
	GlobalSection(ProjectConfigurationPlatforms) = postSolution
		{A195FE78-0955-B547-40E7-F1BA61CDEFE1}.Debug|Any CPU.ActiveCfg = Debug|Any CPU
		{A195FE78-0955-B547-40E7-F1BA61CDEFE1}.Debug|Any CPU.Build.0 = Debug|Any CPU
		{A195FE78-0955-B547-40E7-F1BA61CDEFE1}.Release|Any CPU.ActiveCfg = Release|Any CPU
		{A195FE78-0955-B547-40E7-F1BA61CDEFE1}.Release|Any CPU.Build.0 = Release|Any CPU
	EndGlobalSection
	GlobalSection(SolutionProperties) = preSolution
		HideSolutionNode = FALSE
	EndGlobalSection
	GlobalSection(ExtensibilityGlobals) = postSolution
		SolutionGuid = {766E7298-7A47-4728-94EA-60CFC3AEE56F}
	EndGlobalSection
EndGlobal
